Microsoft Visual Studio Solution File, Format Version 11.00
# Visual Studio 2008

Project("{7C77A857-9F70-BCE3-206D-0E65D629185B}") = "AILikeYou", "Assembly-CSharp.csproj", "{5B654F67-7229-5C71-AAC7-CC96076046E6}"
EndProject
Project("{7C77A857-9F70-BCE3-206D-0E65D629185B}") = "AILikeYou", "Assembly-UnityScript-firstpass.unityproj", "{81364EC4-75D8-A2BF-CB9C-789C35DE479B}"
EndProject
Project("{7C77A857-9F70-BCE3-206D-0E65D629185B}") = "AILikeYou", "Assembly-UnityScript.unityproj", "{ECE360F9-5B37-FB3F-94D6-4C56B841CFFB}"
EndProject
Global
	GlobalSection(SolutionConfigurationPlatforms) = preSolution
		Debug|Any CPU = Debug|Any CPU
		Release|Any CPU = Release|Any CPU
	EndGlobalSection
	GlobalSection(ProjectConfigurationPlatforms) = postSolution
		{5B654F67-7229-5C71-AAC7-CC96076046E6}.Debug|Any CPU.ActiveCfg = Debug|Any CPU
		{5B654F67-7229-5C71-AAC7-CC96076046E6}.Debug|Any CPU.Build.0 = Debug|Any CPU
		{5B654F67-7229-5C71-AAC7-CC96076046E6}.Release|Any CPU.ActiveCfg = Release|Any CPU
		{5B654F67-7229-5C71-AAC7-CC96076046E6}.Release|Any CPU.Build.0 = Release|Any CPU
		{81364EC4-75D8-A2BF-CB9C-789C35DE479B}.Debug|Any CPU.ActiveCfg = Debug|Any CPU
		{81364EC4-75D8-A2BF-CB9C-789C35DE479B}.Debug|Any CPU.Build.0 = Debug|Any CPU
		{81364EC4-75D8-A2BF-CB9C-789C35DE479B}.Release|Any CPU.ActiveCfg = Release|Any CPU
		{81364EC4-75D8-A2BF-CB9C-789C35DE479B}.Release|Any CPU.Build.0 = Release|Any CPU
		{ECE360F9-5B37-FB3F-94D6-4C56B841CFFB}.Debug|Any CPU.ActiveCfg = Debug|Any CPU
		{ECE360F9-5B37-FB3F-94D6-4C56B841CFFB}.Debug|Any CPU.Build.0 = Debug|Any CPU
		{ECE360F9-5B37-FB3F-94D6-4C56B841CFFB}.Release|Any CPU.ActiveCfg = Release|Any CPU
		{ECE360F9-5B37-FB3F-94D6-4C56B841CFFB}.Release|Any CPU.Build.0 = Release|Any CPU
	EndGlobalSection
	GlobalSection(SolutionProperties) = preSolution
		HideSolutionNode = FALSE
	EndGlobalSection
																																																																																																							GlobalSection(MonoDevelopProperties) = preSolution
		StartupItem = Assembly-CSharp.csproj
		Policies = $0
		$0.TextStylePolicy = $1
		$1.inheritsSet = null
		$1.scope = text/x-csharp
		$0.CSharpFormattingPolicy = $2
		$2.inheritsSet = Mono
		$2.inheritsScope = text/x-csharp
		$2.scope = text/x-csharp
		$0.TextStylePolicy = $3
		$3.FileWidth = 120
		$3.TabWidth = 4
		$3.EolMarker = Unix
		$3.inheritsSet = Mono
		$3.inheritsScope = text/plain
		$3.scope = text/plain
	EndGlobalSection

EndGlobal
